
Microsoft Visual Studio Solution File, Format Version 12.00
# Visual Studio Version 17
VisualStudioVersion = 17.0.31903.59
MinimumVisualStudioVersion = 10.0.40219.1
Project("{FAE04EC0-301F-11D3-BF4B-00C04F79EFBC}") = "Backbone.Api", "Backbone.Api\Backbone.Api.csproj", "{B3975DB3-96D6-4F15-AD88-1F39D82C0C63}"
EndProject
Project("{FAE04EC0-301F-11D3-BF4B-00C04F79EFBC}") = "Backbone.Application", "Backbone.Application\Backbone.Application.csproj", "{5917B19C-71ED-438F-A202-D130B9FB45F1}"
EndProject
Project("{FAE04EC0-301F-11D3-BF4B-00C04F79EFBC}") = "Backbone.Core", "Backbone.Core\Backbone.Core.csproj", "{0883B471-C372-4579-888E-B1E331223D33}"
EndProject
Project("{FAE04EC0-301F-11D3-BF4B-00C04F79EFBC}") = "Backbone.Infrastructure", "Backbone.Infrastructure\Backbone.Infrastructure.csproj", "{49A15505-8421-47B9-AD48-6672A1371879}"
EndProject
Project("{2150E333-8FDC-42A3-9474-1A3956D46DE8}") = "Src", "Src", "{02EA681E-C7D8-13C7-8484-4AC65E1B71E8}"
EndProject
Project("{2150E333-8FDC-42A3-9474-1A3956D46DE8}") = "Tests", "Tests", "{8D6FD013-B677-4796-8CDD-2EEA05398B2F}"
EndProject
Project("{FAE04EC0-301F-11D3-BF4B-00C04F79EFBC}") = "Backbone.Application.UnitTests", "Backbone.Application.UnitTests\Backbone.Application.UnitTests.csproj", "{655207EB-4CB1-423A-A365-56D5699354FB}"
EndProject
Project("{FAE04EC0-301F-11D3-BF4B-00C04F79EFBC}") = "Backbone.Infrastructure.UnitTests", "Backbone.Infrastructure.UnitTests\Backbone.Infrastructure.UnitTests.csproj", "{7D5907D2-7D69-4AD3-8D9B-3ADAACF02773}"
EndProject
Project("{FAE04EC0-301F-11D3-BF4B-00C04F79EFBC}") = "Backbone.Api.IntegrationTests", "Backbone.Api.IntegrationTests\Backbone.Api.IntegrationTests.csproj", "{C33BDEFB-A771-4708-A54D-654C3B8D21C7}"
EndProject
Global
	GlobalSection(SolutionConfigurationPlatforms) = preSolution
		Debug|Any CPU = Debug|Any CPU
		Debug|x64 = Debug|x64
		Debug|x86 = Debug|x86
		Release|Any CPU = Release|Any CPU
		Release|x64 = Release|x64
		Release|x86 = Release|x86
	EndGlobalSection
	GlobalSection(ProjectConfigurationPlatforms) = postSolution
		{B3975DB3-96D6-4F15-AD88-1F39D82C0C63}.Debug|Any CPU.ActiveCfg = Debug|Any CPU
		{B3975DB3-96D6-4F15-AD88-1F39D82C0C63}.Debug|Any CPU.Build.0 = Debug|Any CPU
		{B3975DB3-96D6-4F15-AD88-1F39D82C0C63}.Debug|x64.ActiveCfg = Debug|Any CPU
		{B3975DB3-96D6-4F15-AD88-1F39D82C0C63}.Debug|x64.Build.0 = Debug|Any CPU
		{B3975DB3-96D6-4F15-AD88-1F39D82C0C63}.Debug|x86.ActiveCfg = Debug|Any CPU
		{B3975DB3-96D6-4F15-AD88-1F39D82C0C63}.Debug|x86.Build.0 = Debug|Any CPU
		{B3975DB3-96D6-4F15-AD88-1F39D82C0C63}.Release|Any CPU.ActiveCfg = Release|Any CPU
		{B3975DB3-96D6-4F15-AD88-1F39D82C0C63}.Release|Any CPU.Build.0 = Release|Any CPU
		{B3975DB3-96D6-4F15-AD88-1F39D82C0C63}.Release|x64.ActiveCfg = Release|Any CPU
		{B3975DB3-96D6-4F15-AD88-1F39D82C0C63}.Release|x64.Build.0 = Release|Any CPU
		{B3975DB3-96D6-4F15-AD88-1F39D82C0C63}.Release|x86.ActiveCfg = Release|Any CPU
		{B3975DB3-96D6-4F15-AD88-1F39D82C0C63}.Release|x86.Build.0 = Release|Any CPU
		{5917B19C-71ED-438F-A202-D130B9FB45F1}.Debug|Any CPU.ActiveCfg = Debug|Any CPU
		{5917B19C-71ED-438F-A202-D130B9FB45F1}.Debug|Any CPU.Build.0 = Debug|Any CPU
		{5917B19C-71ED-438F-A202-D130B9FB45F1}.Debug|x64.ActiveCfg = Debug|Any CPU
		{5917B19C-71ED-438F-A202-D130B9FB45F1}.Debug|x64.Build.0 = Debug|Any CPU
		{5917B19C-71ED-438F-A202-D130B9FB45F1}.Debug|x86.ActiveCfg = Debug|Any CPU
		{5917B19C-71ED-438F-A202-D130B9FB45F1}.Debug|x86.Build.0 = Debug|Any CPU
		{5917B19C-71ED-438F-A202-D130B9FB45F1}.Release|Any CPU.ActiveCfg = Release|Any CPU
		{5917B19C-71ED-438F-A202-D130B9FB45F1}.Release|Any CPU.Build.0 = Release|Any CPU
		{5917B19C-71ED-438F-A202-D130B9FB45F1}.Release|x64.ActiveCfg = Release|Any CPU
		{5917B19C-71ED-438F-A202-D130B9FB45F1}.Release|x64.Build.0 = Release|Any CPU
		{5917B19C-71ED-438F-A202-D130B9FB45F1}.Release|x86.ActiveCfg = Release|Any CPU
		{5917B19C-71ED-438F-A202-D130B9FB45F1}.Release|x86.Build.0 = Release|Any CPU
		{0883B471-C372-4579-888E-B1E331223D33}.Debug|Any CPU.ActiveCfg = Debug|Any CPU
		{0883B471-C372-4579-888E-B1E331223D33}.Debug|Any CPU.Build.0 = Debug|Any CPU
		{0883B471-C372-4579-888E-B1E331223D33}.Debug|x64.ActiveCfg = Debug|Any CPU
		{0883B471-C372-4579-888E-B1E331223D33}.Debug|x64.Build.0 = Debug|Any CPU
		{0883B471-C372-4579-888E-B1E331223D33}.Debug|x86.ActiveCfg = Debug|Any CPU
		{0883B471-C372-4579-888E-B1E331223D33}.Debug|x86.Build.0 = Debug|Any CPU
		{0883B471-C372-4579-888E-B1E331223D33}.Release|Any CPU.ActiveCfg = Release|Any CPU
		{0883B471-C372-4579-888E-B1E331223D33}.Release|Any CPU.Build.0 = Release|Any CPU
		{0883B471-C372-4579-888E-B1E331223D33}.Release|x64.ActiveCfg = Release|Any CPU
		{0883B471-C372-4579-888E-B1E331223D33}.Release|x64.Build.0 = Release|Any CPU
		{0883B471-C372-4579-888E-B1E331223D33}.Release|x86.ActiveCfg = Release|Any CPU
		{0883B471-C372-4579-888E-B1E331223D33}.Release|x86.Build.0 = Release|Any CPU
		{49A15505-8421-47B9-AD48-6672A1371879}.Debug|Any CPU.ActiveCfg = Debug|Any CPU
		{49A15505-8421-47B9-AD48-6672A1371879}.Debug|Any CPU.Build.0 = Debug|Any CPU
		{49A15505-8421-47B9-AD48-6672A1371879}.Debug|x64.ActiveCfg = Debug|Any CPU
		{49A15505-8421-47B9-AD48-6672A1371879}.Debug|x64.Build.0 = Debug|Any CPU
		{49A15505-8421-47B9-AD48-6672A1371879}.Debug|x86.ActiveCfg = Debug|Any CPU
		{49A15505-8421-47B9-AD48-6672A1371879}.Debug|x86.Build.0 = Debug|Any CPU
		{49A15505-8421-47B9-AD48-6672A1371879}.Release|Any CPU.ActiveCfg = Release|Any CPU
		{49A15505-8421-47B9-AD48-6672A1371879}.Release|Any CPU.Build.0 = Release|Any CPU
		{49A15505-8421-47B9-AD48-6672A1371879}.Release|x64.ActiveCfg = Release|Any CPU
		{49A15505-8421-47B9-AD48-6672A1371879}.Release|x64.Build.0 = Release|Any CPU
		{49A15505-8421-47B9-AD48-6672A1371879}.Release|x86.ActiveCfg = Release|Any CPU
		{49A15505-8421-47B9-AD48-6672A1371879}.Release|x86.Build.0 = Release|Any CPU
		{655207EB-4CB1-423A-A365-56D5699354FB}.Debug|Any CPU.ActiveCfg = Debug|Any CPU
		{655207EB-4CB1-423A-A365-56D5699354FB}.Debug|Any CPU.Build.0 = Debug|Any CPU
		{655207EB-4CB1-423A-A365-56D5699354FB}.Debug|x64.ActiveCfg = Debug|Any CPU
		{655207EB-4CB1-423A-A365-56D5699354FB}.Debug|x64.Build.0 = Debug|Any CPU
		{655207EB-4CB1-423A-A365-56D5699354FB}.Debug|x86.ActiveCfg = Debug|Any CPU
		{655207EB-4CB1-423A-A365-56D5699354FB}.Debug|x86.Build.0 = Debug|Any CPU
		{655207EB-4CB1-423A-A365-56D5699354FB}.Release|Any CPU.ActiveCfg = Release|Any CPU
		{655207EB-4CB1-423A-A365-56D5699354FB}.Release|Any CPU.Build.0 = Release|Any CPU
		{655207EB-4CB1-423A-A365-56D5699354FB}.Release|x64.ActiveCfg = Release|Any CPU
		{655207EB-4CB1-423A-A365-56D5699354FB}.Release|x64.Build.0 = Release|Any CPU
		{655207EB-4CB1-423A-A365-56D5699354FB}.Release|x86.ActiveCfg = Release|Any CPU
		{655207EB-4CB1-423A-A365-56D5699354FB}.Release|x86.Build.0 = Release|Any CPU
		{7D5907D2-7D69-4AD3-8D9B-3ADAACF02773}.Debug|Any CPU.ActiveCfg = Debug|Any CPU
		{7D5907D2-7D69-4AD3-8D9B-3ADAACF02773}.Debug|Any CPU.Build.0 = Debug|Any CPU
		{7D5907D2-7D69-4AD3-8D9B-3ADAACF02773}.Debug|x64.ActiveCfg = Debug|Any CPU
		{7D5907D2-7D69-4AD3-8D9B-3ADAACF02773}.Debug|x64.Build.0 = Debug|Any CPU
		{7D5907D2-7D69-4AD3-8D9B-3ADAACF02773}.Debug|x86.ActiveCfg = Debug|Any CPU
		{7D5907D2-7D69-4AD3-8D9B-3ADAACF02773}.Debug|x86.Build.0 = Debug|Any CPU
		{7D5907D2-7D69-4AD3-8D9B-3ADAACF02773}.Release|Any CPU.ActiveCfg = Release|Any CPU
		{7D5907D2-7D69-4AD3-8D9B-3ADAACF02773}.Release|Any CPU.Build.0 = Release|Any CPU
		{7D5907D2-7D69-4AD3-8D9B-3ADAACF02773}.Release|x64.ActiveCfg = Release|Any CPU
		{7D5907D2-7D69-4AD3-8D9B-3ADAACF02773}.Release|x64.Build.0 = Release|Any CPU
		{7D5907D2-7D69-4AD3-8D9B-3ADAACF02773}.Release|x86.ActiveCfg = Release|Any CPU
		{7D5907D2-7D69-4AD3-8D9B-3ADAACF02773}.Release|x86.Build.0 = Release|Any CPU
		{C33BDEFB-A771-4708-A54D-654C3B8D21C7}.Debug|Any CPU.ActiveCfg = Debug|Any CPU
		{C33BDEFB-A771-4708-A54D-654C3B8D21C7}.Debug|Any CPU.Build.0 = Debug|Any CPU
		{C33BDEFB-A771-4708-A54D-654C3B8D21C7}.Debug|x64.ActiveCfg = Debug|Any CPU
		{C33BDEFB-A771-4708-A54D-654C3B8D21C7}.Debug|x64.Build.0 = Debug|Any CPU
		{C33BDEFB-A771-4708-A54D-654C3B8D21C7}.Debug|x86.ActiveCfg = Debug|Any CPU
		{C33BDEFB-A771-4708-A54D-654C3B8D21C7}.Debug|x86.Build.0 = Debug|Any CPU
		{C33BDEFB-A771-4708-A54D-654C3B8D21C7}.Release|Any CPU.ActiveCfg = Release|Any CPU
		{C33BDEFB-A771-4708-A54D-654C3B8D21C7}.Release|Any CPU.Build.0 = Release|Any CPU
		{C33BDEFB-A771-4708-A54D-654C3B8D21C7}.Release|x64.ActiveCfg = Release|Any CPU
		{C33BDEFB-A771-4708-A54D-654C3B8D21C7}.Release|x64.Build.0 = Release|Any CPU
		{C33BDEFB-A771-4708-A54D-654C3B8D21C7}.Release|x86.ActiveCfg = Release|Any CPU
		{C33BDEFB-A771-4708-A54D-654C3B8D21C7}.Release|x86.Build.0 = Release|Any CPU
	EndGlobalSection
	GlobalSection(SolutionProperties) = preSolution
		HideSolutionNode = FALSE
	EndGlobalSection
	GlobalSection(NestedProjects) = preSolution
		{B3975DB3-96D6-4F15-AD88-1F39D82C0C63} = {02EA681E-C7D8-13C7-8484-4AC65E1B71E8}
		{5917B19C-71ED-438F-A202-D130B9FB45F1} = {02EA681E-C7D8-13C7-8484-4AC65E1B71E8}
		{0883B471-C372-4579-888E-B1E331223D33} = {02EA681E-C7D8-13C7-8484-4AC65E1B71E8}
		{49A15505-8421-47B9-AD48-6672A1371879} = {02EA681E-C7D8-13C7-8484-4AC65E1B71E8}
		{655207EB-4CB1-423A-A365-56D5699354FB} = {8D6FD013-B677-4796-8CDD-2EEA05398B2F}
		{7D5907D2-7D69-4AD3-8D9B-3ADAACF02773} = {8D6FD013-B677-4796-8CDD-2EEA05398B2F}
		{C33BDEFB-A771-4708-A54D-654C3B8D21C7} = {8D6FD013-B677-4796-8CDD-2EEA05398B2F}
	EndGlobalSection
	GlobalSection(ExtensibilityGlobals) = postSolution
		SolutionGuid = {ACBA772E-3421-4E4B-BEFA-ADDB33EDE649}
	EndGlobalSection
EndGlobal
